
Microsoft Visual Studio Solution File, Format Version 12.00
# Visual Studio Version 17
VisualStudioVersion = 17.5.33516.290
MinimumVisualStudioVersion = 10.0.40219.1
Project("{9A19103F-16F7-4668-BE54-9A1E7A4F7556}") = "AutomapperVsMapster", "AutomapperVsMapster\AutomapperVsMapster.csproj", "{B1CBC938-8CAE-4B9A-A307-88CEC2F2EC16}"
EndProject
Global
	GlobalSection(SolutionConfigurationPlatforms) = preSolution
		Debug|Any CPU = Debug|Any CPU
		Release|Any CPU = Release|Any CPU
	EndGlobalSection
	GlobalSection(ProjectConfigurationPlatforms) = postSolution
		{B1CBC938-8CAE-4B9A-A307-88CEC2F2EC16}.Debug|Any CPU.ActiveCfg = Release|Any CPU
		{B1CBC938-8CAE-4B9A-A307-88CEC2F2EC16}.Debug|Any CPU.Build.0 = Release|Any CPU
		{B1CBC938-8CAE-4B9A-A307-88CEC2F2EC16}.Release|Any CPU.ActiveCfg = Release|Any CPU
		{B1CBC938-8CAE-4B9A-A307-88CEC2F2EC16}.Release|Any CPU.Build.0 = Release|Any CPU
	EndGlobalSection
	GlobalSection(SolutionProperties) = preSolution
		HideSolutionNode = FALSE
	EndGlobalSection
	GlobalSection(ExtensibilityGlobals) = postSolution
		SolutionGuid = {CC52C94B-00CB-45D1-8E05-6A3B01DFAF57}
	EndGlobalSection
EndGlobal
